
Microsoft Visual Studio Solution File, Format Version 12.00
# Visual Studio Version 17
VisualStudioVersion = 17.9.34616.47
MinimumVisualStudioVersion = 10.0.40219.1
Project("{8BC9CEB8-8B4A-11D0-8D11-00A0C91BC942}") = "PointerSatu", "PointerSatu\PointerSatu.vcxproj", "{27BEDF61-A335-4A53-9983-9C769D6ABE29}"
EndProject
Project("{8BC9CEB8-8B4A-11D0-8D11-00A0C91BC942}") = "PointerDua", "PointerDua\PointerDua.vcxproj", "{6625F20E-A9AC-4A51-8510-07E9C09A74E0}"
EndProject
Project("{8BC9CEB8-8B4A-11D0-8D11-00A0C91BC942}") = "FriendClassSatu", "FriendClassSatu\FriendClassSatu.vcxproj", "{E597DA0F-1148-4AFA-90DA-C732307978E6}"
EndProject
Project("{8BC9CEB8-8B4A-11D0-8D11-00A0C91BC942}") = "FriendFunctionSatu", "FriendFunctionSatu\FriendFunctionSatu.vcxproj", "{2E69B36D-5618-4A5A-A0E0-2216A80FB475}"
EndProject
Global
	GlobalSection(SolutionConfigurationPlatforms) = preSolution
		Debug|x64 = Debug|x64
		Debug|x86 = Debug|x86
		Release|x64 = Release|x64
		Release|x86 = Release|x86
	EndGlobalSection
	GlobalSection(ProjectConfigurationPlatforms) = postSolution
		{27BEDF61-A335-4A53-9983-9C769D6ABE29}.Debug|x64.ActiveCfg = Debug|x64
		{27BEDF61-A335-4A53-9983-9C769D6ABE29}.Debug|x64.Build.0 = Debug|x64
		{27BEDF61-A335-4A53-9983-9C769D6ABE29}.Debug|x86.ActiveCfg = Debug|Win32
		{27BEDF61-A335-4A53-9983-9C769D6ABE29}.Debug|x86.Build.0 = Debug|Win32
		{27BEDF61-A335-4A53-9983-9C769D6ABE29}.Release|x64.ActiveCfg = Release|x64
		{27BEDF61-A335-4A53-9983-9C769D6ABE29}.Release|x64.Build.0 = Release|x64
		{27BEDF61-A335-4A53-9983-9C769D6ABE29}.Release|x86.ActiveCfg = Release|Win32
		{27BEDF61-A335-4A53-9983-9C769D6ABE29}.Release|x86.Build.0 = Release|Win32
		{6625F20E-A9AC-4A51-8510-07E9C09A74E0}.Debug|x64.ActiveCfg = Debug|x64
		{6625F20E-A9AC-4A51-8510-07E9C09A74E0}.Debug|x64.Build.0 = Debug|x64
		{6625F20E-A9AC-4A51-8510-07E9C09A74E0}.Debug|x86.ActiveCfg = Debug|Win32
		{6625F20E-A9AC-4A51-8510-07E9C09A74E0}.Debug|x86.Build.0 = Debug|Win32
		{6625F20E-A9AC-4A51-8510-07E9C09A74E0}.Release|x64.ActiveCfg = Release|x64
		{6625F20E-A9AC-4A51-8510-07E9C09A74E0}.Release|x64.Build.0 = Release|x64
		{6625F20E-A9AC-4A51-8510-07E9C09A74E0}.Release|x86.ActiveCfg = Release|Win32
		{6625F20E-A9AC-4A51-8510-07E9C09A74E0}.Release|x86.Build.0 = Release|Win32
		{E597DA0F-1148-4AFA-90DA-C732307978E6}.Debug|x64.ActiveCfg = Debug|x64
		{E597DA0F-1148-4AFA-90DA-C732307978E6}.Debug|x64.Build.0 = Debug|x64
		{E597DA0F-1148-4AFA-90DA-C732307978E6}.Debug|x86.ActiveCfg = Debug|Win32
		{E597DA0F-1148-4AFA-90DA-C732307978E6}.Debug|x86.Build.0 = Debug|Win32
		{E597DA0F-1148-4AFA-90DA-C732307978E6}.Release|x64.ActiveCfg = Release|x64
		{E597DA0F-1148-4AFA-90DA-C732307978E6}.Release|x64.Build.0 = Release|x64
		{E597DA0F-1148-4AFA-90DA-C732307978E6}.Release|x86.ActiveCfg = Release|Win32
		{E597DA0F-1148-4AFA-90DA-C732307978E6}.Release|x86.Build.0 = Release|Win32
		{2E69B36D-5618-4A5A-A0E0-2216A80FB475}.Debug|x64.ActiveCfg = Debug|x64
		{2E69B36D-5618-4A5A-A0E0-2216A80FB475}.Debug|x64.Build.0 = Debug|x64
		{2E69B36D-5618-4A5A-A0E0-2216A80FB475}.Debug|x86.ActiveCfg = Debug|Win32
		{2E69B36D-5618-4A5A-A0E0-2216A80FB475}.Debug|x86.Build.0 = Debug|Win32
		{2E69B36D-5618-4A5A-A0E0-2216A80FB475}.Release|x64.ActiveCfg = Release|x64
		{2E69B36D-5618-4A5A-A0E0-2216A80FB475}.Release|x64.Build.0 = Release|x64
		{2E69B36D-5618-4A5A-A0E0-2216A80FB475}.Release|x86.ActiveCfg = Release|Win32
		{2E69B36D-5618-4A5A-A0E0-2216A80FB475}.Release|x86.Build.0 = Release|Win32
	EndGlobalSection
	GlobalSection(SolutionProperties) = preSolution
		HideSolutionNode = FALSE
	EndGlobalSection
	GlobalSection(ExtensibilityGlobals) = postSolution
		SolutionGuid = {91F84633-F68E-4C26-8122-216370E2A0D2}
	EndGlobalSection
EndGlobal
